
Microsoft Visual Studio Solution File, Format Version 12.00
# Visual Studio 15
VisualStudioVersion = 15.0.27428.2011
MinimumVisualStudioVersion = 10.0.40219.1
Project("{FAE04EC0-301F-11D3-BF4B-00C04F79EFBC}") = "MD5Generator", "MD5Generator\MD5Generator.csproj", "{E05B8179-E701-41B8-9DFC-3BF860A8BE1B}"
EndProject
Global
	GlobalSection(SolutionConfigurationPlatforms) = preSolution
		Debug|Any CPU = Debug|Any CPU
		Release|Any CPU = Release|Any CPU
	EndGlobalSection
	GlobalSection(ProjectConfigurationPlatforms) = postSolution
		{E05B8179-E701-41B8-9DFC-3BF860A8BE1B}.Debug|Any CPU.ActiveCfg = Debug|Any CPU
		{E05B8179-E701-41B8-9DFC-3BF860A8BE1B}.Debug|Any CPU.Build.0 = Debug|Any CPU
		{E05B8179-E701-41B8-9DFC-3BF860A8BE1B}.Release|Any CPU.ActiveCfg = Release|Any CPU
		{E05B8179-E701-41B8-9DFC-3BF860A8BE1B}.Release|Any CPU.Build.0 = Release|Any CPU
	EndGlobalSection
	GlobalSection(SolutionProperties) = preSolution
		HideSolutionNode = FALSE
	EndGlobalSection
	GlobalSection(ExtensibilityGlobals) = postSolution
		SolutionGuid = {80EC1AD1-CE0B-492B-9867-ED5A34F23646}
	EndGlobalSection
EndGlobal
